{
  "name": "lesson1-najottalim",
  "version": "3.1.3",
  "lockfileVersion": 3,
  "requires": true,
  "packages": {
    "": {
      "name": "lesson1-najottalim",
      "version": "3.1.3",
      "license": "ISC",
      "dependencies": {
        "lesson1-najottalim": "^3.1.3"
      }
    },
    "node_modules/lesson1-najottalim": {
      "version": "3.1.3",
      "resolved": "https://registry.npmjs.org/lesson1-najottalim/-/lesson1-najottalim-3.1.3.tgz",
      "integrity": "sha512-shFMV4vcyQdhiu3xGdcUk97yImHuM7POAM8DQZjmH0SVXbVHVVMSd1jDJNa9VwWKdWznTedSpwo3Okdk+y2USw==",
      "license": "ISC"
    }
  }
}
